
Microsoft Visual Studio Solution File, Format Version 12.00
# Visual Studio Version 17
VisualStudioVersion = 17.6.33829.357
MinimumVisualStudioVersion = 10.0.40219.1
Project("{FAE04EC0-301F-11D3-BF4B-00C04F79EFBC}") = "ConsoleApp", "ConsoleApp\ConsoleApp.csproj", "{BAC24BAE-F523-405D-A393-B90DF7C137D8}"
EndProject
Global
	GlobalSection(SolutionConfigurationPlatforms) = preSolution
		Debug|Any CPU = Debug|Any CPU
		Release|Any CPU = Release|Any CPU
	EndGlobalSection
	GlobalSection(ProjectConfigurationPlatforms) = postSolution
		{BAC24BAE-F523-405D-A393-B90DF7C137D8}.Debug|Any CPU.ActiveCfg = Debug|Any CPU
		{BAC24BAE-F523-405D-A393-B90DF7C137D8}.Debug|Any CPU.Build.0 = Debug|Any CPU
		{BAC24BAE-F523-405D-A393-B90DF7C137D8}.Release|Any CPU.ActiveCfg = Release|Any CPU
		{BAC24BAE-F523-405D-A393-B90DF7C137D8}.Release|Any CPU.Build.0 = Release|Any CPU
	EndGlobalSection
	GlobalSection(SolutionProperties) = preSolution
		HideSolutionNode = FALSE
	EndGlobalSection
	GlobalSection(ExtensibilityGlobals) = postSolution
		SolutionGuid = {E165688C-8914-435A-B64A-0097FD69CF42}
	EndGlobalSection
EndGlobal
